
Microsoft Visual Studio Solution File, Format Version 12.00
# Visual Studio Version 16
VisualStudioVersion = 16.0.34407.143
MinimumVisualStudioVersion = 10.0.40219.1
Project("{FAE04EC0-301F-11D3-BF4B-00C04F79EFBC}") = "Nuolia kaupan", "Nuolia kaupan.csproj", "{969FEC8A-5D02-4EF1-9015-5EA482CDF869}"
EndProject
Global
	GlobalSection(SolutionConfigurationPlatforms) = preSolution
		Debug|Any CPU = Debug|Any CPU
		Release|Any CPU = Release|Any CPU
	EndGlobalSection
	GlobalSection(ProjectConfigurationPlatforms) = postSolution
		{969FEC8A-5D02-4EF1-9015-5EA482CDF869}.Debug|Any CPU.ActiveCfg = Debug|Any CPU
		{969FEC8A-5D02-4EF1-9015-5EA482CDF869}.Debug|Any CPU.Build.0 = Debug|Any CPU
		{969FEC8A-5D02-4EF1-9015-5EA482CDF869}.Release|Any CPU.ActiveCfg = Release|Any CPU
		{969FEC8A-5D02-4EF1-9015-5EA482CDF869}.Release|Any CPU.Build.0 = Release|Any CPU
	EndGlobalSection
	GlobalSection(SolutionProperties) = preSolution
		HideSolutionNode = FALSE
	EndGlobalSection
	GlobalSection(ExtensibilityGlobals) = postSolution
		SolutionGuid = {D1B15AEE-2753-4814-99E8-8855AE7F6332}
	EndGlobalSection
EndGlobal
